
Microsoft Visual Studio Solution File, Format Version 12.00
# Visual Studio Version 17
VisualStudioVersion = 17.10.35027.167
MinimumVisualStudioVersion = 10.0.40219.1
Project("{FAE04EC0-301F-11D3-BF4B-00C04F79EFBC}") = "RestApiProject", "RestApiProject.csproj", "{79FE782E-A842-40F7-8865-4FAFAB579605}"
EndProject
Global
	GlobalSection(SolutionConfigurationPlatforms) = preSolution
		Debug|Any CPU = Debug|Any CPU
		Release|Any CPU = Release|Any CPU
	EndGlobalSection
	GlobalSection(ProjectConfigurationPlatforms) = postSolution
		{79FE782E-A842-40F7-8865-4FAFAB579605}.Debug|Any CPU.ActiveCfg = Debug|Any CPU
		{79FE782E-A842-40F7-8865-4FAFAB579605}.Debug|Any CPU.Build.0 = Debug|Any CPU
		{79FE782E-A842-40F7-8865-4FAFAB579605}.Release|Any CPU.ActiveCfg = Release|Any CPU
		{79FE782E-A842-40F7-8865-4FAFAB579605}.Release|Any CPU.Build.0 = Release|Any CPU
	EndGlobalSection
	GlobalSection(SolutionProperties) = preSolution
		HideSolutionNode = FALSE
	EndGlobalSection
	GlobalSection(ExtensibilityGlobals) = postSolution
		SolutionGuid = {C6EA0B7C-9C2F-4BAC-9030-6BE7F03AB122}
	EndGlobalSection
EndGlobal
